
Microsoft Visual Studio Solution File, Format Version 12.00
# Visual Studio 2013
VisualStudioVersion = 12.0.31101.0
MinimumVisualStudioVersion = 10.0.40219.1
Project("{2150E333-8FDC-42A3-9474-1A3956D46DE8}") = "TestStepLibraries", "TestStepLibraries", "{24EF14F4-1468-4D14-8DB3-ACB59601B161}"
EndProject
Project("{2150E333-8FDC-42A3-9474-1A3956D46DE8}") = "Src", "Src", "{440CA47C-25F0-41AB-86E6-AB36909520C4}"
EndProject
Project("{2150E333-8FDC-42A3-9474-1A3956D46DE8}") = "Test", "Test", "{1080D171-00B5-472F-A97E-CE66080F898D}"
EndProject
Project("{2150E333-8FDC-42A3-9474-1A3956D46DE8}") = "LegacyTestStepLibraries", "LegacyTestStepLibraries", "{12EBB423-15A8-4FED-BD1D-729C37180B86}"
EndProject
Project("{2150E333-8FDC-42A3-9474-1A3956D46DE8}") = "Solution Items", "Solution Items", "{AB291EBC-66BE-4CE0-9527-0726BF0EB5AD}"
	ProjectSection(SolutionItems) = preProject
		BizUnit.vsmdi = BizUnit.vsmdi
		Local.testsettings = Local.testsettings
	EndProjectSection
EndProject
Project("{FAE04EC0-301F-11D3-BF4B-00C04F79EFBC}") = "SoapTestWebService", "Test\BizUnit.Tests\SoapTestWebService\SoapTestWebService.csproj", "{A46D7CE3-70CC-4C97-9001-73D89DD40ADB}"
EndProject
Project("{FAE04EC0-301F-11D3-BF4B-00C04F79EFBC}") = "BizUnit", "Src\BizUnit\BizUnit.csproj", "{7C85248A-15D4-4A17-A496-AECF789E0F10}"
EndProject
Project("{FAE04EC0-301F-11D3-BF4B-00C04F79EFBC}") = "BizUnit.TestSteps", "Src\BizUnit.TestSteps\BizUnit.TestSteps.csproj", "{5BFEF184-0834-4FBA-ADDB-AD798CE0B58D}"
EndProject
Project("{FAE04EC0-301F-11D3-BF4B-00C04F79EFBC}") = "BizUnit.TestSteps.Ssis", "Src\BizUnit.TestSteps.Ssis\BizUnit.TestSteps.Ssis.csproj", "{B664CBA0-0D34-4328-AF3F-BBD0D13CC21A}"
	ProjectSection(ProjectDependencies) = postProject
		{7C85248A-15D4-4A17-A496-AECF789E0F10} = {7C85248A-15D4-4A17-A496-AECF789E0F10}
	EndProjectSection
EndProject
Project("{FAE04EC0-301F-11D3-BF4B-00C04F79EFBC}") = "BizUnit.TestSteps.Tests", "Test\BizUnit.TestSteps.Tests\BizUnit.TestSteps.Tests.csproj", "{FA142C8C-FA7C-43BF-B79E-155972102532}"
EndProject
Project("{FAE04EC0-301F-11D3-BF4B-00C04F79EFBC}") = "BizUnit.CoreSteps", "Src\BizUnit.CoreSteps\BizUnit.CoreSteps.csproj", "{B336B2AF-BAEB-424F-9463-CA3034EADC2D}"
EndProject
Project("{FAE04EC0-301F-11D3-BF4B-00C04F79EFBC}") = "BizUnit.LoadGenSteps", "Src\BizUnit.LoadGenSteps\BizUnit.LoadGenSteps.csproj", "{348DDB68-8608-483A-B837-16C14AC9A64F}"
EndProject
Project("{FAE04EC0-301F-11D3-BF4B-00C04F79EFBC}") = "BizUnit.MQSeriesSteps", "Src\BizUnit.MQSeriesSteps\BizUnit.MQSeriesSteps.csproj", "{91790EE8-448A-4C68-8555-5BC7FEA9D325}"
EndProject
Project("{2150E333-8FDC-42A3-9474-1A3956D46DE8}") = ".build", ".build", "{01D8FF47-0BBC-41FF-BD65-0FC0BF0DC0F8}"
	ProjectSection(SolutionItems) = preProject
		Build.proj = Build.proj
		.build\MSBuild.Community.Tasks.dll = .build\MSBuild.Community.Tasks.dll
		.build\MSBuild.Community.Tasks.targets = .build\MSBuild.Community.Tasks.targets
	EndProjectSection
EndProject
Project("{2150E333-8FDC-42A3-9474-1A3956D46DE8}") = ".nuget", ".nuget", "{19B53F41-381C-4B7B-86E8-3024000B874E}"
	ProjectSection(SolutionItems) = preProject
		.nuget\packages.config = .nuget\packages.config
	EndProjectSection
EndProject
Global
	GlobalSection(SolutionConfigurationPlatforms) = preSolution
		Debug|Any CPU = Debug|Any CPU
		Debug|Mixed Platforms = Debug|Mixed Platforms
		Debug|x86 = Debug|x86
		Release|Any CPU = Release|Any CPU
		Release|Mixed Platforms = Release|Mixed Platforms
		Release|x86 = Release|x86
		Release-Net45|Any CPU = Release-Net45|Any CPU
		Release-Net45|Mixed Platforms = Release-Net45|Mixed Platforms
		Release-Net45|x86 = Release-Net45|x86
		Release-Net46|Any CPU = Release-Net46|Any CPU
		Release-Net46|Mixed Platforms = Release-Net46|Mixed Platforms
		Release-Net46|x86 = Release-Net46|x86
	EndGlobalSection
	GlobalSection(ProjectConfigurationPlatforms) = postSolution
		{A46D7CE3-70CC-4C97-9001-73D89DD40ADB}.Debug|Any CPU.ActiveCfg = Debug|Any CPU
		{A46D7CE3-70CC-4C97-9001-73D89DD40ADB}.Debug|Any CPU.Build.0 = Debug|Any CPU
		{A46D7CE3-70CC-4C97-9001-73D89DD40ADB}.Debug|Mixed Platforms.ActiveCfg = Debug|Any CPU
		{A46D7CE3-70CC-4C97-9001-73D89DD40ADB}.Debug|Mixed Platforms.Build.0 = Debug|Any CPU
		{A46D7CE3-70CC-4C97-9001-73D89DD40ADB}.Debug|x86.ActiveCfg = Debug|Any CPU
		{A46D7CE3-70CC-4C97-9001-73D89DD40ADB}.Release|Any CPU.ActiveCfg = Release|Any CPU
		{A46D7CE3-70CC-4C97-9001-73D89DD40ADB}.Release|Any CPU.Build.0 = Release|Any CPU
		{A46D7CE3-70CC-4C97-9001-73D89DD40ADB}.Release|Mixed Platforms.ActiveCfg = Release|Any CPU
		{A46D7CE3-70CC-4C97-9001-73D89DD40ADB}.Release|Mixed Platforms.Build.0 = Release|Any CPU
		{A46D7CE3-70CC-4C97-9001-73D89DD40ADB}.Release|x86.ActiveCfg = Release|Any CPU
		{A46D7CE3-70CC-4C97-9001-73D89DD40ADB}.Release-Net45|Any CPU.ActiveCfg = Release-Net45|Any CPU
		{A46D7CE3-70CC-4C97-9001-73D89DD40ADB}.Release-Net45|Any CPU.Build.0 = Release-Net45|Any CPU
		{A46D7CE3-70CC-4C97-9001-73D89DD40ADB}.Release-Net45|Mixed Platforms.ActiveCfg = Release-Net45|Any CPU
		{A46D7CE3-70CC-4C97-9001-73D89DD40ADB}.Release-Net45|Mixed Platforms.Build.0 = Release-Net45|Any CPU
		{A46D7CE3-70CC-4C97-9001-73D89DD40ADB}.Release-Net45|x86.ActiveCfg = Release-Net45|Any CPU
		{A46D7CE3-70CC-4C97-9001-73D89DD40ADB}.Release-Net46|Any CPU.ActiveCfg = Release-Net46|Any CPU
		{A46D7CE3-70CC-4C97-9001-73D89DD40ADB}.Release-Net46|Any CPU.Build.0 = Release-Net46|Any CPU
		{A46D7CE3-70CC-4C97-9001-73D89DD40ADB}.Release-Net46|Mixed Platforms.ActiveCfg = Release-Net46|Any CPU
		{A46D7CE3-70CC-4C97-9001-73D89DD40ADB}.Release-Net46|Mixed Platforms.Build.0 = Release-Net46|Any CPU
		{A46D7CE3-70CC-4C97-9001-73D89DD40ADB}.Release-Net46|x86.ActiveCfg = Release-Net46|Any CPU
		{7C85248A-15D4-4A17-A496-AECF789E0F10}.Debug|Any CPU.ActiveCfg = Debug|Any CPU
		{7C85248A-15D4-4A17-A496-AECF789E0F10}.Debug|Any CPU.Build.0 = Debug|Any CPU
		{7C85248A-15D4-4A17-A496-AECF789E0F10}.Debug|Mixed Platforms.ActiveCfg = Debug|Any CPU
		{7C85248A-15D4-4A17-A496-AECF789E0F10}.Debug|Mixed Platforms.Build.0 = Debug|Any CPU
		{7C85248A-15D4-4A17-A496-AECF789E0F10}.Debug|x86.ActiveCfg = Debug|Any CPU
		{7C85248A-15D4-4A17-A496-AECF789E0F10}.Release|Any CPU.ActiveCfg = Release|Any CPU
		{7C85248A-15D4-4A17-A496-AECF789E0F10}.Release|Any CPU.Build.0 = Release|Any CPU
		{7C85248A-15D4-4A17-A496-AECF789E0F10}.Release|Mixed Platforms.ActiveCfg = Release|Any CPU
		{7C85248A-15D4-4A17-A496-AECF789E0F10}.Release|Mixed Platforms.Build.0 = Release|Any CPU
		{7C85248A-15D4-4A17-A496-AECF789E0F10}.Release|x86.ActiveCfg = Release|Any CPU
		{7C85248A-15D4-4A17-A496-AECF789E0F10}.Release-Net45|Any CPU.ActiveCfg = Release-Net45|Any CPU
		{7C85248A-15D4-4A17-A496-AECF789E0F10}.Release-Net45|Any CPU.Build.0 = Release-Net45|Any CPU
		{7C85248A-15D4-4A17-A496-AECF789E0F10}.Release-Net45|Mixed Platforms.ActiveCfg = Release-Net45|Any CPU
		{7C85248A-15D4-4A17-A496-AECF789E0F10}.Release-Net45|Mixed Platforms.Build.0 = Release-Net45|Any CPU
		{7C85248A-15D4-4A17-A496-AECF789E0F10}.Release-Net45|x86.ActiveCfg = Release-Net45|Any CPU
		{7C85248A-15D4-4A17-A496-AECF789E0F10}.Release-Net46|Any CPU.ActiveCfg = Release-Net46|Any CPU
		{7C85248A-15D4-4A17-A496-AECF789E0F10}.Release-Net46|Any CPU.Build.0 = Release-Net46|Any CPU
		{7C85248A-15D4-4A17-A496-AECF789E0F10}.Release-Net46|Mixed Platforms.ActiveCfg = Release-Net46|Any CPU
		{7C85248A-15D4-4A17-A496-AECF789E0F10}.Release-Net46|Mixed Platforms.Build.0 = Release-Net46|Any CPU
		{7C85248A-15D4-4A17-A496-AECF789E0F10}.Release-Net46|x86.ActiveCfg = Release-Net46|Any CPU
		{5BFEF184-0834-4FBA-ADDB-AD798CE0B58D}.Debug|Any CPU.ActiveCfg = Debug|Any CPU
		{5BFEF184-0834-4FBA-ADDB-AD798CE0B58D}.Debug|Any CPU.Build.0 = Debug|Any CPU
		{5BFEF184-0834-4FBA-ADDB-AD798CE0B58D}.Debug|Mixed Platforms.ActiveCfg = Debug|Any CPU
		{5BFEF184-0834-4FBA-ADDB-AD798CE0B58D}.Debug|Mixed Platforms.Build.0 = Debug|Any CPU
		{5BFEF184-0834-4FBA-ADDB-AD798CE0B58D}.Debug|x86.ActiveCfg = Debug|Any CPU
		{5BFEF184-0834-4FBA-ADDB-AD798CE0B58D}.Release|Any CPU.ActiveCfg = Release|Any CPU
		{5BFEF184-0834-4FBA-ADDB-AD798CE0B58D}.Release|Any CPU.Build.0 = Release|Any CPU
		{5BFEF184-0834-4FBA-ADDB-AD798CE0B58D}.Release|Mixed Platforms.ActiveCfg = Release|Any CPU
		{5BFEF184-0834-4FBA-ADDB-AD798CE0B58D}.Release|Mixed Platforms.Build.0 = Release|Any CPU
		{5BFEF184-0834-4FBA-ADDB-AD798CE0B58D}.Release|x86.ActiveCfg = Release|Any CPU
		{5BFEF184-0834-4FBA-ADDB-AD798CE0B58D}.Release-Net45|Any CPU.ActiveCfg = Release-Net45|Any CPU
		{5BFEF184-0834-4FBA-ADDB-AD798CE0B58D}.Release-Net45|Any CPU.Build.0 = Release-Net45|Any CPU
		{5BFEF184-0834-4FBA-ADDB-AD798CE0B58D}.Release-Net45|Mixed Platforms.ActiveCfg = Release-Net45|Any CPU
		{5BFEF184-0834-4FBA-ADDB-AD798CE0B58D}.Release-Net45|Mixed Platforms.Build.0 = Release-Net45|Any CPU
		{5BFEF184-0834-4FBA-ADDB-AD798CE0B58D}.Release-Net45|x86.ActiveCfg = Release-Net45|Any CPU
		{5BFEF184-0834-4FBA-ADDB-AD798CE0B58D}.Release-Net46|Any CPU.ActiveCfg = Release-Net46|Any CPU
		{5BFEF184-0834-4FBA-ADDB-AD798CE0B58D}.Release-Net46|Any CPU.Build.0 = Release-Net46|Any CPU
		{5BFEF184-0834-4FBA-ADDB-AD798CE0B58D}.Release-Net46|Mixed Platforms.ActiveCfg = Release-Net46|Any CPU
		{5BFEF184-0834-4FBA-ADDB-AD798CE0B58D}.Release-Net46|Mixed Platforms.Build.0 = Release-Net46|Any CPU
		{5BFEF184-0834-4FBA-ADDB-AD798CE0B58D}.Release-Net46|x86.ActiveCfg = Release-Net46|Any CPU
		{B664CBA0-0D34-4328-AF3F-BBD0D13CC21A}.Debug|Any CPU.ActiveCfg = Debug|Any CPU
		{B664CBA0-0D34-4328-AF3F-BBD0D13CC21A}.Debug|Any CPU.Build.0 = Debug|Any CPU
		{B664CBA0-0D34-4328-AF3F-BBD0D13CC21A}.Debug|Mixed Platforms.ActiveCfg = Debug|Any CPU
		{B664CBA0-0D34-4328-AF3F-BBD0D13CC21A}.Debug|Mixed Platforms.Build.0 = Debug|Any CPU
		{B664CBA0-0D34-4328-AF3F-BBD0D13CC21A}.Debug|x86.ActiveCfg = Debug|Any CPU
		{B664CBA0-0D34-4328-AF3F-BBD0D13CC21A}.Release|Any CPU.ActiveCfg = Release|Any CPU
		{B664CBA0-0D34-4328-AF3F-BBD0D13CC21A}.Release|Any CPU.Build.0 = Release|Any CPU
		{B664CBA0-0D34-4328-AF3F-BBD0D13CC21A}.Release|Mixed Platforms.ActiveCfg = Release|Any CPU
		{B664CBA0-0D34-4328-AF3F-BBD0D13CC21A}.Release|Mixed Platforms.Build.0 = Release|Any CPU
		{B664CBA0-0D34-4328-AF3F-BBD0D13CC21A}.Release|x86.ActiveCfg = Release|Any CPU
		{B664CBA0-0D34-4328-AF3F-BBD0D13CC21A}.Release-Net45|Any CPU.ActiveCfg = Release-Net45|Any CPU
		{B664CBA0-0D34-4328-AF3F-BBD0D13CC21A}.Release-Net45|Any CPU.Build.0 = Release-Net45|Any CPU
		{B664CBA0-0D34-4328-AF3F-BBD0D13CC21A}.Release-Net45|Mixed Platforms.ActiveCfg = Release-Net45|Any CPU
		{B664CBA0-0D34-4328-AF3F-BBD0D13CC21A}.Release-Net45|Mixed Platforms.Build.0 = Release-Net45|Any CPU
		{B664CBA0-0D34-4328-AF3F-BBD0D13CC21A}.Release-Net45|x86.ActiveCfg = Release-Net45|Any CPU
		{B664CBA0-0D34-4328-AF3F-BBD0D13CC21A}.Release-Net46|Any CPU.ActiveCfg = Release-Net46|Any CPU
		{B664CBA0-0D34-4328-AF3F-BBD0D13CC21A}.Release-Net46|Any CPU.Build.0 = Release-Net46|Any CPU
		{B664CBA0-0D34-4328-AF3F-BBD0D13CC21A}.Release-Net46|Mixed Platforms.ActiveCfg = Release-Net46|Any CPU
		{B664CBA0-0D34-4328-AF3F-BBD0D13CC21A}.Release-Net46|Mixed Platforms.Build.0 = Release-Net46|Any CPU
		{B664CBA0-0D34-4328-AF3F-BBD0D13CC21A}.Release-Net46|x86.ActiveCfg = Release-Net46|Any CPU
		{FA142C8C-FA7C-43BF-B79E-155972102532}.Debug|Any CPU.ActiveCfg = Debug|Any CPU
		{FA142C8C-FA7C-43BF-B79E-155972102532}.Debug|Any CPU.Build.0 = Debug|Any CPU
		{FA142C8C-FA7C-43BF-B79E-155972102532}.Debug|Mixed Platforms.ActiveCfg = Debug|Any CPU
		{FA142C8C-FA7C-43BF-B79E-155972102532}.Debug|Mixed Platforms.Build.0 = Debug|Any CPU
		{FA142C8C-FA7C-43BF-B79E-155972102532}.Debug|x86.ActiveCfg = Debug|Any CPU
		{FA142C8C-FA7C-43BF-B79E-155972102532}.Release|Any CPU.ActiveCfg = Release|Any CPU
		{FA142C8C-FA7C-43BF-B79E-155972102532}.Release|Any CPU.Build.0 = Release|Any CPU
		{FA142C8C-FA7C-43BF-B79E-155972102532}.Release|Mixed Platforms.ActiveCfg = Release|Any CPU
		{FA142C8C-FA7C-43BF-B79E-155972102532}.Release|Mixed Platforms.Build.0 = Release|Any CPU
		{FA142C8C-FA7C-43BF-B79E-155972102532}.Release|x86.ActiveCfg = Release|Any CPU
		{FA142C8C-FA7C-43BF-B79E-155972102532}.Release-Net45|Any CPU.ActiveCfg = Release-Net45|Any CPU
		{FA142C8C-FA7C-43BF-B79E-155972102532}.Release-Net45|Any CPU.Build.0 = Release-Net45|Any CPU
		{FA142C8C-FA7C-43BF-B79E-155972102532}.Release-Net45|Mixed Platforms.ActiveCfg = Release-Net45|Any CPU
		{FA142C8C-FA7C-43BF-B79E-155972102532}.Release-Net45|Mixed Platforms.Build.0 = Release-Net45|Any CPU
		{FA142C8C-FA7C-43BF-B79E-155972102532}.Release-Net45|x86.ActiveCfg = Release-Net45|Any CPU
		{FA142C8C-FA7C-43BF-B79E-155972102532}.Release-Net46|Any CPU.ActiveCfg = Release-Net46|Any CPU
		{FA142C8C-FA7C-43BF-B79E-155972102532}.Release-Net46|Any CPU.Build.0 = Release-Net46|Any CPU
		{FA142C8C-FA7C-43BF-B79E-155972102532}.Release-Net46|Mixed Platforms.ActiveCfg = Release-Net46|Any CPU
		{FA142C8C-FA7C-43BF-B79E-155972102532}.Release-Net46|Mixed Platforms.Build.0 = Release-Net46|Any CPU
		{FA142C8C-FA7C-43BF-B79E-155972102532}.Release-Net46|x86.ActiveCfg = Release-Net46|Any CPU
		{B336B2AF-BAEB-424F-9463-CA3034EADC2D}.Debug|Any CPU.ActiveCfg = Debug|Any CPU
		{B336B2AF-BAEB-424F-9463-CA3034EADC2D}.Debug|Any CPU.Build.0 = Debug|Any CPU
		{B336B2AF-BAEB-424F-9463-CA3034EADC2D}.Debug|Mixed Platforms.ActiveCfg = Debug|Any CPU
		{B336B2AF-BAEB-424F-9463-CA3034EADC2D}.Debug|Mixed Platforms.Build.0 = Debug|Any CPU
		{B336B2AF-BAEB-424F-9463-CA3034EADC2D}.Debug|x86.ActiveCfg = Debug|Any CPU
		{B336B2AF-BAEB-424F-9463-CA3034EADC2D}.Release|Any CPU.ActiveCfg = Release|Any CPU
		{B336B2AF-BAEB-424F-9463-CA3034EADC2D}.Release|Any CPU.Build.0 = Release|Any CPU
		{B336B2AF-BAEB-424F-9463-CA3034EADC2D}.Release|Mixed Platforms.ActiveCfg = Release|Any CPU
		{B336B2AF-BAEB-424F-9463-CA3034EADC2D}.Release|Mixed Platforms.Build.0 = Release|Any CPU
		{B336B2AF-BAEB-424F-9463-CA3034EADC2D}.Release|x86.ActiveCfg = Release|Any CPU
		{B336B2AF-BAEB-424F-9463-CA3034EADC2D}.Release-Net45|Any CPU.ActiveCfg = Release-Net45|Any CPU
		{B336B2AF-BAEB-424F-9463-CA3034EADC2D}.Release-Net45|Any CPU.Build.0 = Release-Net45|Any CPU
		{B336B2AF-BAEB-424F-9463-CA3034EADC2D}.Release-Net45|Mixed Platforms.ActiveCfg = Release-Net45|Any CPU
		{B336B2AF-BAEB-424F-9463-CA3034EADC2D}.Release-Net45|Mixed Platforms.Build.0 = Release-Net45|Any CPU
		{B336B2AF-BAEB-424F-9463-CA3034EADC2D}.Release-Net45|x86.ActiveCfg = Release-Net45|Any CPU
		{B336B2AF-BAEB-424F-9463-CA3034EADC2D}.Release-Net46|Any CPU.ActiveCfg = Release-Net46|Any CPU
		{B336B2AF-BAEB-424F-9463-CA3034EADC2D}.Release-Net46|Any CPU.Build.0 = Release-Net46|Any CPU
		{B336B2AF-BAEB-424F-9463-CA3034EADC2D}.Release-Net46|Mixed Platforms.ActiveCfg = Release-Net46|Any CPU
		{B336B2AF-BAEB-424F-9463-CA3034EADC2D}.Release-Net46|Mixed Platforms.Build.0 = Release-Net46|Any CPU
		{B336B2AF-BAEB-424F-9463-CA3034EADC2D}.Release-Net46|x86.ActiveCfg = Release-Net46|Any CPU
		{348DDB68-8608-483A-B837-16C14AC9A64F}.Debug|Any CPU.ActiveCfg = Debug|Any CPU
		{348DDB68-8608-483A-B837-16C14AC9A64F}.Debug|Any CPU.Build.0 = Debug|Any CPU
		{348DDB68-8608-483A-B837-16C14AC9A64F}.Debug|Mixed Platforms.ActiveCfg = Debug|Any CPU
		{348DDB68-8608-483A-B837-16C14AC9A64F}.Debug|Mixed Platforms.Build.0 = Debug|Any CPU
		{348DDB68-8608-483A-B837-16C14AC9A64F}.Debug|x86.ActiveCfg = Debug|Any CPU
		{348DDB68-8608-483A-B837-16C14AC9A64F}.Release|Any CPU.ActiveCfg = Release|Any CPU
		{348DDB68-8608-483A-B837-16C14AC9A64F}.Release|Any CPU.Build.0 = Release|Any CPU
		{348DDB68-8608-483A-B837-16C14AC9A64F}.Release|Mixed Platforms.ActiveCfg = Release|Any CPU
		{348DDB68-8608-483A-B837-16C14AC9A64F}.Release|Mixed Platforms.Build.0 = Release|Any CPU
		{348DDB68-8608-483A-B837-16C14AC9A64F}.Release|x86.ActiveCfg = Release|Any CPU
		{348DDB68-8608-483A-B837-16C14AC9A64F}.Release-Net45|Any CPU.ActiveCfg = Release-Net45|Any CPU
		{348DDB68-8608-483A-B837-16C14AC9A64F}.Release-Net45|Any CPU.Build.0 = Release-Net45|Any CPU
		{348DDB68-8608-483A-B837-16C14AC9A64F}.Release-Net45|Mixed Platforms.ActiveCfg = Release-Net45|Any CPU
		{348DDB68-8608-483A-B837-16C14AC9A64F}.Release-Net45|Mixed Platforms.Build.0 = Release-Net45|Any CPU
		{348DDB68-8608-483A-B837-16C14AC9A64F}.Release-Net45|x86.ActiveCfg = Release-Net45|Any CPU
		{348DDB68-8608-483A-B837-16C14AC9A64F}.Release-Net46|Any CPU.ActiveCfg = Release-Net46|Any CPU
		{348DDB68-8608-483A-B837-16C14AC9A64F}.Release-Net46|Any CPU.Build.0 = Release-Net46|Any CPU
		{348DDB68-8608-483A-B837-16C14AC9A64F}.Release-Net46|Mixed Platforms.ActiveCfg = Release-Net46|Any CPU
		{348DDB68-8608-483A-B837-16C14AC9A64F}.Release-Net46|Mixed Platforms.Build.0 = Release-Net46|Any CPU
		{348DDB68-8608-483A-B837-16C14AC9A64F}.Release-Net46|x86.ActiveCfg = Release-Net46|Any CPU
		{91790EE8-448A-4C68-8555-5BC7FEA9D325}.Debug|Any CPU.ActiveCfg = Debug|Any CPU
		{91790EE8-448A-4C68-8555-5BC7FEA9D325}.Debug|Any CPU.Build.0 = Debug|Any CPU
		{91790EE8-448A-4C68-8555-5BC7FEA9D325}.Debug|Mixed Platforms.ActiveCfg = Debug|Any CPU
		{91790EE8-448A-4C68-8555-5BC7FEA9D325}.Debug|Mixed Platforms.Build.0 = Debug|Any CPU
		{91790EE8-448A-4C68-8555-5BC7FEA9D325}.Debug|x86.ActiveCfg = Debug|Any CPU
		{91790EE8-448A-4C68-8555-5BC7FEA9D325}.Release|Any CPU.ActiveCfg = Release|Any CPU
		{91790EE8-448A-4C68-8555-5BC7FEA9D325}.Release|Any CPU.Build.0 = Release|Any CPU
		{91790EE8-448A-4C68-8555-5BC7FEA9D325}.Release|Mixed Platforms.ActiveCfg = Release|Any CPU
		{91790EE8-448A-4C68-8555-5BC7FEA9D325}.Release|Mixed Platforms.Build.0 = Release|Any CPU
		{91790EE8-448A-4C68-8555-5BC7FEA9D325}.Release|x86.ActiveCfg = Release|Any CPU
		{91790EE8-448A-4C68-8555-5BC7FEA9D325}.Release-Net45|Any CPU.ActiveCfg = Release-Net45|Any CPU
		{91790EE8-448A-4C68-8555-5BC7FEA9D325}.Release-Net45|Any CPU.Build.0 = Release-Net45|Any CPU
		{91790EE8-448A-4C68-8555-5BC7FEA9D325}.Release-Net45|Mixed Platforms.ActiveCfg = Release-Net45|Any CPU
		{91790EE8-448A-4C68-8555-5BC7FEA9D325}.Release-Net45|Mixed Platforms.Build.0 = Release-Net45|Any CPU
		{91790EE8-448A-4C68-8555-5BC7FEA9D325}.Release-Net45|x86.ActiveCfg = Release-Net45|Any CPU
		{91790EE8-448A-4C68-8555-5BC7FEA9D325}.Release-Net46|Any CPU.ActiveCfg = Release-Net46|Any CPU
		{91790EE8-448A-4C68-8555-5BC7FEA9D325}.Release-Net46|Any CPU.Build.0 = Release-Net46|Any CPU
		{91790EE8-448A-4C68-8555-5BC7FEA9D325}.Release-Net46|Mixed Platforms.ActiveCfg = Release-Net46|Any CPU
		{91790EE8-448A-4C68-8555-5BC7FEA9D325}.Release-Net46|Mixed Platforms.Build.0 = Release-Net46|Any CPU
		{91790EE8-448A-4C68-8555-5BC7FEA9D325}.Release-Net46|x86.ActiveCfg = Release-Net46|Any CPU
	EndGlobalSection
	GlobalSection(SolutionProperties) = preSolution
		HideSolutionNode = FALSE
	EndGlobalSection
	GlobalSection(NestedProjects) = preSolution
		{24EF14F4-1468-4D14-8DB3-ACB59601B161} = {440CA47C-25F0-41AB-86E6-AB36909520C4}
		{12EBB423-15A8-4FED-BD1D-729C37180B86} = {440CA47C-25F0-41AB-86E6-AB36909520C4}
		{AB291EBC-66BE-4CE0-9527-0726BF0EB5AD} = {1080D171-00B5-472F-A97E-CE66080F898D}
		{A46D7CE3-70CC-4C97-9001-73D89DD40ADB} = {1080D171-00B5-472F-A97E-CE66080F898D}
		{7C85248A-15D4-4A17-A496-AECF789E0F10} = {440CA47C-25F0-41AB-86E6-AB36909520C4}
		{5BFEF184-0834-4FBA-ADDB-AD798CE0B58D} = {24EF14F4-1468-4D14-8DB3-ACB59601B161}
		{B664CBA0-0D34-4328-AF3F-BBD0D13CC21A} = {24EF14F4-1468-4D14-8DB3-ACB59601B161}
		{FA142C8C-FA7C-43BF-B79E-155972102532} = {1080D171-00B5-472F-A97E-CE66080F898D}
		{B336B2AF-BAEB-424F-9463-CA3034EADC2D} = {12EBB423-15A8-4FED-BD1D-729C37180B86}
		{348DDB68-8608-483A-B837-16C14AC9A64F} = {12EBB423-15A8-4FED-BD1D-729C37180B86}
		{91790EE8-448A-4C68-8555-5BC7FEA9D325} = {12EBB423-15A8-4FED-BD1D-729C37180B86}
	EndGlobalSection
	GlobalSection(TestCaseManagementSettings) = postSolution
		CategoryFile = BizUnit.vsmdi
	EndGlobalSection
EndGlobal
